
Microsoft Visual Studio Solution File, Format Version 12.00
# Visual Studio Version 17
VisualStudioVersion = 17.5.33530.505
MinimumVisualStudioVersion = 10.0.40219.1
Project("{9A19103F-16F7-4668-BE54-9A1E7A4F7556}") = "CalculatorApi", "CalculatorApi\CalculatorApi.csproj", "{1CC8D625-DDFD-4C8B-B623-DDB3E088BC74}"
EndProject
Project("{9A19103F-16F7-4668-BE54-9A1E7A4F7556}") = "DataAccess", "DataAccess\DataAccess.csproj", "{A6749ADB-1DAC-4809-83DB-2E5170089DD9}"
EndProject
Project("{00D1A9C2-B5F0-4AF3-8072-F6C62B433612}") = "SqlDb", "SqlDb\SqlDb.sqlproj", "{C0157955-3EA8-4630-83EF-271BC696A57C}"
EndProject
Project("{9A19103F-16F7-4668-BE54-9A1E7A4F7556}") = "Core", "Core\Core.csproj", "{107ACA84-BCF4-4BFF-B323-3C770B8956FC}"
EndProject
Project("{2150E333-8FDC-42A3-9474-1A3956D46DE8}") = "Solution Items", "Solution Items", "{87EAB13A-A2DA-4E02-AF27-B6E4E71CF133}"
	ProjectSection(SolutionItems) = preProject
		..\..\..\Desktop\Calc\Readmy.md = ..\..\..\Desktop\Calc\Readmy.md
	EndProjectSection
EndProject
Global
	GlobalSection(SolutionConfigurationPlatforms) = preSolution
		Debug|Any CPU = Debug|Any CPU
		Release|Any CPU = Release|Any CPU
	EndGlobalSection
	GlobalSection(ProjectConfigurationPlatforms) = postSolution
		{1CC8D625-DDFD-4C8B-B623-DDB3E088BC74}.Debug|Any CPU.ActiveCfg = Debug|Any CPU
		{1CC8D625-DDFD-4C8B-B623-DDB3E088BC74}.Debug|Any CPU.Build.0 = Debug|Any CPU
		{1CC8D625-DDFD-4C8B-B623-DDB3E088BC74}.Release|Any CPU.ActiveCfg = Release|Any CPU
		{1CC8D625-DDFD-4C8B-B623-DDB3E088BC74}.Release|Any CPU.Build.0 = Release|Any CPU
		{A6749ADB-1DAC-4809-83DB-2E5170089DD9}.Debug|Any CPU.ActiveCfg = Debug|Any CPU
		{A6749ADB-1DAC-4809-83DB-2E5170089DD9}.Debug|Any CPU.Build.0 = Debug|Any CPU
		{A6749ADB-1DAC-4809-83DB-2E5170089DD9}.Release|Any CPU.ActiveCfg = Release|Any CPU
		{A6749ADB-1DAC-4809-83DB-2E5170089DD9}.Release|Any CPU.Build.0 = Release|Any CPU
		{C0157955-3EA8-4630-83EF-271BC696A57C}.Debug|Any CPU.ActiveCfg = Debug|Any CPU
		{C0157955-3EA8-4630-83EF-271BC696A57C}.Debug|Any CPU.Build.0 = Debug|Any CPU
		{C0157955-3EA8-4630-83EF-271BC696A57C}.Debug|Any CPU.Deploy.0 = Debug|Any CPU
		{C0157955-3EA8-4630-83EF-271BC696A57C}.Release|Any CPU.ActiveCfg = Release|Any CPU
		{C0157955-3EA8-4630-83EF-271BC696A57C}.Release|Any CPU.Build.0 = Release|Any CPU
		{C0157955-3EA8-4630-83EF-271BC696A57C}.Release|Any CPU.Deploy.0 = Release|Any CPU
		{107ACA84-BCF4-4BFF-B323-3C770B8956FC}.Debug|Any CPU.ActiveCfg = Debug|Any CPU
		{107ACA84-BCF4-4BFF-B323-3C770B8956FC}.Debug|Any CPU.Build.0 = Debug|Any CPU
		{107ACA84-BCF4-4BFF-B323-3C770B8956FC}.Release|Any CPU.ActiveCfg = Release|Any CPU
		{107ACA84-BCF4-4BFF-B323-3C770B8956FC}.Release|Any CPU.Build.0 = Release|Any CPU
	EndGlobalSection
	GlobalSection(SolutionProperties) = preSolution
		HideSolutionNode = FALSE
	EndGlobalSection
	GlobalSection(ExtensibilityGlobals) = postSolution
		SolutionGuid = {F05499C7-711D-4429-9810-391E4EFCAEF5}
	EndGlobalSection
EndGlobal
